{
    "name": "@ueno-bst/geo-loco-map",
    "version": "2.1.4",
    "lockfileVersion": 3,
    "requires": true,
    "packages": {
        "": {
            "name": "@ueno-bst/geo-loco-map",
            "version": "2.1.4",
            "license": "ISC",
            "dependencies": {
                "@ueno-bst/url-builder": "1.0.2"
            },
            "devDependencies": {
                "@types/googlemaps": "^3.37.1",
                "@types/node": "^18.15.11",
                "typescript": "^4.9.3"
            }
        },
        "node_modules/@types/googlemaps": {
            "version": "3.43.3",
            "resolved": "https://registry.npmjs.org/@types/googlemaps/-/googlemaps-3.43.3.tgz",
            "integrity": "sha512-ZWNoz/O8MPEpiajvj7QiqCY8tTLFNqNZ/a+s+zTV58wFVNAvvqV4bdGfnsjTb5Cs4V6wEsLrX8XRhmnyYJ2Tdg==",
            "deprecated": "Types for the Google Maps browser API have moved to @types/google.maps. Note: these types are not for the googlemaps npm package, which is a Node API.",
            "dev": true
        },
        "node_modules/@types/node": {
            "version": "18.16.1",
            "resolved": "https://registry.npmjs.org/@types/node/-/node-18.16.1.tgz",
            "integrity": "sha512-DZxSZWXxFfOlx7k7Rv4LAyiMroaxa3Ly/7OOzZO8cBNho0YzAi4qlbrx8W27JGqG57IgR/6J7r+nOJWw6kcvZA==",
            "dev": true
        },
        "node_modules/@ueno-bst/url-builder": {
            "version": "1.0.2",
            "resolved": "https://npm.pkg.github.com/download/@ueno-bst/url-builder/1.0.2/fd478f317fccbf290e846af8e83a8ac34d72066e",
            "integrity": "sha512-PpoejvktDGZUWhgIX6hJoLmaABtCvOMKo3f9fkkS5sjppXm18ahao1ntJUOuCdWTmT2XKj1aEm3HJiu6f+nyUQ==",
            "license": "MIT"
        },
        "node_modules/typescript": {
            "version": "4.9.5",
            "resolved": "https://registry.npmjs.org/typescript/-/typescript-4.9.5.tgz",
            "integrity": "sha512-1FXk9E2Hm+QzZQ7z+McJiHL4NW1F2EzMu9Nq9i3zAaGqibafqYwCVU6WyWAuyQRRzOlxou8xZSyXLEN8oKj24g==",
            "dev": true,
            "bin": {
                "tsc": "bin/tsc",
                "tsserver": "bin/tsserver"
            },
            "engines": {
                "node": ">=4.2.0"
            }
        }
    }
}
